
Microsoft Visual Studio Solution File, Format Version 12.00
# Visual Studio Version 17
VisualStudioVersion = 17.4.33110.190
MinimumVisualStudioVersion = 10.0.40219.1
Project("{FAE04EC0-301F-11D3-BF4B-00C04F79EFBC}") = "tiposDeTriangulosPOO", "tiposDeTriangulosPOO\tiposDeTriangulosPOO.csproj", "{14913AAB-0BBF-4CC1-9C58-FACA0F018E87}"
EndProject
Global
	GlobalSection(SolutionConfigurationPlatforms) = preSolution
		Debug|Any CPU = Debug|Any CPU
		Release|Any CPU = Release|Any CPU
	EndGlobalSection
	GlobalSection(ProjectConfigurationPlatforms) = postSolution
		{14913AAB-0BBF-4CC1-9C58-FACA0F018E87}.Debug|Any CPU.ActiveCfg = Debug|Any CPU
		{14913AAB-0BBF-4CC1-9C58-FACA0F018E87}.Debug|Any CPU.Build.0 = Debug|Any CPU
		{14913AAB-0BBF-4CC1-9C58-FACA0F018E87}.Release|Any CPU.ActiveCfg = Release|Any CPU
		{14913AAB-0BBF-4CC1-9C58-FACA0F018E87}.Release|Any CPU.Build.0 = Release|Any CPU
	EndGlobalSection
	GlobalSection(SolutionProperties) = preSolution
		HideSolutionNode = FALSE
	EndGlobalSection
	GlobalSection(ExtensibilityGlobals) = postSolution
		SolutionGuid = {9B556B42-ADF6-45B4-8BDB-ABC52C6B4E5D}
	EndGlobalSection
EndGlobal
